Microsoft Visual Studio Solution File, Format Version 12.00
# Visual Studio 2010
Project("{FAE04EC0-301F-11D3-BF4B-00C04F79EFBC}") = "NPerf_old.Core", "old\NPerf.Core\NPerf_old.Core.csproj", "{D5C567E3-253E-411A-A520-8C82CEAC96D2}"
EndProject
Project("{2150E333-8FDC-42A3-9474-1A3956D46DE8}") = ".nuget", ".nuget", "{5EA441A3-A1D4-4911-9113-C46C9ACDCD44}"
	ProjectSection(SolutionItems) = preProject
		.nuget\NuGet.Config = .nuget\NuGet.Config
		.nuget\NuGet.exe = .nuget\NuGet.exe
		.nuget\NuGet.targets = .nuget\NuGet.targets
	EndProjectSection
EndProject
Project("{2150E333-8FDC-42A3-9474-1A3956D46DE8}") = "Tests", "Tests", "{E744DAEA-3E4A-4460-8399-78F4D61215C7}"
EndProject
Project("{2150E333-8FDC-42A3-9474-1A3956D46DE8}") = "Solution Items", "Solution Items", "{0DFA0A57-E602-4EAF-8CFE-9AE1CBAE4760}"
	ProjectSection(SolutionItems) = preProject
		SilutionInfo.cs = SilutionInfo.cs
	EndProjectSection
EndProject
Project("{2150E333-8FDC-42A3-9474-1A3956D46DE8}") = "old", "old", "{AC5042A7-631A-4E93-851B-CBC56815246D}"
EndProject
Project("{FAE04EC0-301F-11D3-BF4B-00C04F79EFBC}") = "NPerf.Framework", "NPerf.Framework\NPerf.Framework.csproj", "{9AE192A6-2C53-4765-8C73-BAD2C030EF0A}"
EndProject
Project("{FAE04EC0-301F-11D3-BF4B-00C04F79EFBC}") = "NPerf.Lab", "NPerf.Lab\NPerf.Lab.csproj", "{7D998325-0A28-4A30-9D7C-C162C8F9B715}"
EndProject
Project("{FAE04EC0-301F-11D3-BF4B-00C04F79EFBC}") = "NPerf.Experiment", "NPerf.Experiment\NPerf.Experiment.csproj", "{D6C90823-9769-4DA2-9177-3B22739DF1FB}"
EndProject
Project("{FAE04EC0-301F-11D3-BF4B-00C04F79EFBC}") = "NPerf.DevHelpers", "NPerf.DevHelpers\NPerf.DevHelpers.csproj", "{1C52E23B-B597-48E4-AACA-61B2FE350873}"
EndProject
Project("{FAE04EC0-301F-11D3-BF4B-00C04F79EFBC}") = "NPerf.Test.Experiment", "NPerf.Test.Experiment\NPerf.Test.Experiment.csproj", "{05283732-9D54-4063-B242-DD5E8E0A3DE7}"
EndProject
Project("{FAE04EC0-301F-11D3-BF4B-00C04F79EFBC}") = "System.Perf", "System.Perf\System.Perf.csproj", "{126E1C76-8FE3-4B38-9DE9-969C7E79A61C}"
EndProject
Project("{FAE04EC0-301F-11D3-BF4B-00C04F79EFBC}") = "NPerf.Core", "NPerf.Core\NPerf.Core.csproj", "{37A29AA9-677B-466B-88F0-90D54E2361CF}"
EndProject
Project("{FAE04EC0-301F-11D3-BF4B-00C04F79EFBC}") = "NPerf.Test.Core", "NPerf.Test.Core\NPerf.Test.Core.csproj", "{19402467-4425-4867-9E0C-3E0911D3A809}"
EndProject
Project("{FAE04EC0-301F-11D3-BF4B-00C04F79EFBC}") = "NPerf.Test.Helpers", "NPerf.Test.Helpers\NPerf.Test.Helpers.csproj", "{EE369D7E-8A62-4100-A324-4AEEAE130440}"
EndProject
Global
	GlobalSection(SolutionConfigurationPlatforms) = preSolution
		Debug|Any CPU = Debug|Any CPU
		Debug|Mixed Platforms = Debug|Mixed Platforms
		Debug|x86 = Debug|x86
		Release|Any CPU = Release|Any CPU
		Release|Mixed Platforms = Release|Mixed Platforms
		Release|x86 = Release|x86
	EndGlobalSection
	GlobalSection(ProjectConfigurationPlatforms) = postSolution
		{D5C567E3-253E-411A-A520-8C82CEAC96D2}.Debug|Any CPU.ActiveCfg = Debug|Any CPU
		{D5C567E3-253E-411A-A520-8C82CEAC96D2}.Debug|Any CPU.Build.0 = Debug|Any CPU
		{D5C567E3-253E-411A-A520-8C82CEAC96D2}.Debug|Mixed Platforms.ActiveCfg = Debug|Any CPU
		{D5C567E3-253E-411A-A520-8C82CEAC96D2}.Debug|Mixed Platforms.Build.0 = Debug|Any CPU
		{D5C567E3-253E-411A-A520-8C82CEAC96D2}.Debug|x86.ActiveCfg = Debug|Any CPU
		{D5C567E3-253E-411A-A520-8C82CEAC96D2}.Release|Any CPU.ActiveCfg = Release|Any CPU
		{D5C567E3-253E-411A-A520-8C82CEAC96D2}.Release|Any CPU.Build.0 = Release|Any CPU
		{D5C567E3-253E-411A-A520-8C82CEAC96D2}.Release|Mixed Platforms.ActiveCfg = Release|Any CPU
		{D5C567E3-253E-411A-A520-8C82CEAC96D2}.Release|Mixed Platforms.Build.0 = Release|Any CPU
		{D5C567E3-253E-411A-A520-8C82CEAC96D2}.Release|x86.ActiveCfg = Release|Any CPU
		{9AE192A6-2C53-4765-8C73-BAD2C030EF0A}.Debug|Any CPU.ActiveCfg = Debug|Any CPU
		{9AE192A6-2C53-4765-8C73-BAD2C030EF0A}.Debug|Any CPU.Build.0 = Debug|Any CPU
		{9AE192A6-2C53-4765-8C73-BAD2C030EF0A}.Debug|Mixed Platforms.ActiveCfg = Debug|Any CPU
		{9AE192A6-2C53-4765-8C73-BAD2C030EF0A}.Debug|Mixed Platforms.Build.0 = Debug|Any CPU
		{9AE192A6-2C53-4765-8C73-BAD2C030EF0A}.Debug|x86.ActiveCfg = Debug|Any CPU
		{9AE192A6-2C53-4765-8C73-BAD2C030EF0A}.Release|Any CPU.ActiveCfg = Release|Any CPU
		{9AE192A6-2C53-4765-8C73-BAD2C030EF0A}.Release|Any CPU.Build.0 = Release|Any CPU
		{9AE192A6-2C53-4765-8C73-BAD2C030EF0A}.Release|Mixed Platforms.ActiveCfg = Release|Any CPU
		{9AE192A6-2C53-4765-8C73-BAD2C030EF0A}.Release|Mixed Platforms.Build.0 = Release|Any CPU
		{9AE192A6-2C53-4765-8C73-BAD2C030EF0A}.Release|x86.ActiveCfg = Release|Any CPU
		{7D998325-0A28-4A30-9D7C-C162C8F9B715}.Debug|Any CPU.ActiveCfg = Debug|Any CPU
		{7D998325-0A28-4A30-9D7C-C162C8F9B715}.Debug|Any CPU.Build.0 = Debug|Any CPU
		{7D998325-0A28-4A30-9D7C-C162C8F9B715}.Debug|Mixed Platforms.ActiveCfg = Debug|Any CPU
		{7D998325-0A28-4A30-9D7C-C162C8F9B715}.Debug|Mixed Platforms.Build.0 = Debug|Any CPU
		{7D998325-0A28-4A30-9D7C-C162C8F9B715}.Debug|x86.ActiveCfg = Debug|Any CPU
		{7D998325-0A28-4A30-9D7C-C162C8F9B715}.Release|Any CPU.ActiveCfg = Release|Any CPU
		{7D998325-0A28-4A30-9D7C-C162C8F9B715}.Release|Any CPU.Build.0 = Release|Any CPU
		{7D998325-0A28-4A30-9D7C-C162C8F9B715}.Release|Mixed Platforms.ActiveCfg = Release|Any CPU
		{7D998325-0A28-4A30-9D7C-C162C8F9B715}.Release|Mixed Platforms.Build.0 = Release|Any CPU
		{7D998325-0A28-4A30-9D7C-C162C8F9B715}.Release|x86.ActiveCfg = Release|Any CPU
		{D6C90823-9769-4DA2-9177-3B22739DF1FB}.Debug|Any CPU.ActiveCfg = Debug|x86
		{D6C90823-9769-4DA2-9177-3B22739DF1FB}.Debug|Mixed Platforms.ActiveCfg = Debug|x86
		{D6C90823-9769-4DA2-9177-3B22739DF1FB}.Debug|Mixed Platforms.Build.0 = Debug|x86
		{D6C90823-9769-4DA2-9177-3B22739DF1FB}.Debug|x86.ActiveCfg = Debug|x86
		{D6C90823-9769-4DA2-9177-3B22739DF1FB}.Debug|x86.Build.0 = Debug|x86
		{D6C90823-9769-4DA2-9177-3B22739DF1FB}.Release|Any CPU.ActiveCfg = Release|x86
		{D6C90823-9769-4DA2-9177-3B22739DF1FB}.Release|Mixed Platforms.ActiveCfg = Release|x86
		{D6C90823-9769-4DA2-9177-3B22739DF1FB}.Release|Mixed Platforms.Build.0 = Release|x86
		{D6C90823-9769-4DA2-9177-3B22739DF1FB}.Release|x86.ActiveCfg = Release|x86
		{D6C90823-9769-4DA2-9177-3B22739DF1FB}.Release|x86.Build.0 = Release|x86
		{1C52E23B-B597-48E4-AACA-61B2FE350873}.Debug|Any CPU.ActiveCfg = Debug|Any CPU
		{1C52E23B-B597-48E4-AACA-61B2FE350873}.Debug|Any CPU.Build.0 = Debug|Any CPU
		{1C52E23B-B597-48E4-AACA-61B2FE350873}.Debug|Mixed Platforms.ActiveCfg = Debug|Any CPU
		{1C52E23B-B597-48E4-AACA-61B2FE350873}.Debug|Mixed Platforms.Build.0 = Debug|Any CPU
		{1C52E23B-B597-48E4-AACA-61B2FE350873}.Debug|x86.ActiveCfg = Debug|Any CPU
		{1C52E23B-B597-48E4-AACA-61B2FE350873}.Release|Any CPU.ActiveCfg = Release|Any CPU
		{1C52E23B-B597-48E4-AACA-61B2FE350873}.Release|Any CPU.Build.0 = Release|Any CPU
		{1C52E23B-B597-48E4-AACA-61B2FE350873}.Release|Mixed Platforms.ActiveCfg = Release|Any CPU
		{1C52E23B-B597-48E4-AACA-61B2FE350873}.Release|Mixed Platforms.Build.0 = Release|Any CPU
		{1C52E23B-B597-48E4-AACA-61B2FE350873}.Release|x86.ActiveCfg = Release|Any CPU
		{05283732-9D54-4063-B242-DD5E8E0A3DE7}.Debug|Any CPU.ActiveCfg = Debug|Any CPU
		{05283732-9D54-4063-B242-DD5E8E0A3DE7}.Debug|Any CPU.Build.0 = Debug|Any CPU
		{05283732-9D54-4063-B242-DD5E8E0A3DE7}.Debug|Mixed Platforms.ActiveCfg = Debug|Any CPU
		{05283732-9D54-4063-B242-DD5E8E0A3DE7}.Debug|Mixed Platforms.Build.0 = Debug|Any CPU
		{05283732-9D54-4063-B242-DD5E8E0A3DE7}.Debug|x86.ActiveCfg = Debug|Any CPU
		{05283732-9D54-4063-B242-DD5E8E0A3DE7}.Release|Any CPU.ActiveCfg = Release|Any CPU
		{05283732-9D54-4063-B242-DD5E8E0A3DE7}.Release|Any CPU.Build.0 = Release|Any CPU
		{05283732-9D54-4063-B242-DD5E8E0A3DE7}.Release|Mixed Platforms.ActiveCfg = Release|Any CPU
		{05283732-9D54-4063-B242-DD5E8E0A3DE7}.Release|Mixed Platforms.Build.0 = Release|Any CPU
		{05283732-9D54-4063-B242-DD5E8E0A3DE7}.Release|x86.ActiveCfg = Release|Any CPU
		{126E1C76-8FE3-4B38-9DE9-969C7E79A61C}.Debug|Any CPU.ActiveCfg = Debug|Any CPU
		{126E1C76-8FE3-4B38-9DE9-969C7E79A61C}.Debug|Any CPU.Build.0 = Debug|Any CPU
		{126E1C76-8FE3-4B38-9DE9-969C7E79A61C}.Debug|Mixed Platforms.ActiveCfg = Debug|Any CPU
		{126E1C76-8FE3-4B38-9DE9-969C7E79A61C}.Debug|Mixed Platforms.Build.0 = Debug|Any CPU
		{126E1C76-8FE3-4B38-9DE9-969C7E79A61C}.Debug|x86.ActiveCfg = Debug|Any CPU
		{126E1C76-8FE3-4B38-9DE9-969C7E79A61C}.Release|Any CPU.ActiveCfg = Release|Any CPU
		{126E1C76-8FE3-4B38-9DE9-969C7E79A61C}.Release|Any CPU.Build.0 = Release|Any CPU
		{126E1C76-8FE3-4B38-9DE9-969C7E79A61C}.Release|Mixed Platforms.ActiveCfg = Release|Any CPU
		{126E1C76-8FE3-4B38-9DE9-969C7E79A61C}.Release|Mixed Platforms.Build.0 = Release|Any CPU
		{126E1C76-8FE3-4B38-9DE9-969C7E79A61C}.Release|x86.ActiveCfg = Release|Any CPU
		{37A29AA9-677B-466B-88F0-90D54E2361CF}.Debug|Any CPU.ActiveCfg = Debug|Any CPU
		{37A29AA9-677B-466B-88F0-90D54E2361CF}.Debug|Any CPU.Build.0 = Debug|Any CPU
		{37A29AA9-677B-466B-88F0-90D54E2361CF}.Debug|Mixed Platforms.ActiveCfg = Debug|Any CPU
		{37A29AA9-677B-466B-88F0-90D54E2361CF}.Debug|Mixed Platforms.Build.0 = Debug|Any CPU
		{37A29AA9-677B-466B-88F0-90D54E2361CF}.Debug|x86.ActiveCfg = Debug|Any CPU
		{37A29AA9-677B-466B-88F0-90D54E2361CF}.Release|Any CPU.ActiveCfg = Release|Any CPU
		{37A29AA9-677B-466B-88F0-90D54E2361CF}.Release|Any CPU.Build.0 = Release|Any CPU
		{37A29AA9-677B-466B-88F0-90D54E2361CF}.Release|Mixed Platforms.ActiveCfg = Release|Any CPU
		{37A29AA9-677B-466B-88F0-90D54E2361CF}.Release|Mixed Platforms.Build.0 = Release|Any CPU
		{37A29AA9-677B-466B-88F0-90D54E2361CF}.Release|x86.ActiveCfg = Release|Any CPU
		{19402467-4425-4867-9E0C-3E0911D3A809}.Debug|Any CPU.ActiveCfg = Debug|Any CPU
		{19402467-4425-4867-9E0C-3E0911D3A809}.Debug|Any CPU.Build.0 = Debug|Any CPU
		{19402467-4425-4867-9E0C-3E0911D3A809}.Debug|Mixed Platforms.ActiveCfg = Debug|Any CPU
		{19402467-4425-4867-9E0C-3E0911D3A809}.Debug|Mixed Platforms.Build.0 = Debug|Any CPU
		{19402467-4425-4867-9E0C-3E0911D3A809}.Debug|x86.ActiveCfg = Debug|Any CPU
		{19402467-4425-4867-9E0C-3E0911D3A809}.Release|Any CPU.ActiveCfg = Release|Any CPU
		{19402467-4425-4867-9E0C-3E0911D3A809}.Release|Any CPU.Build.0 = Release|Any CPU
		{19402467-4425-4867-9E0C-3E0911D3A809}.Release|Mixed Platforms.ActiveCfg = Release|Any CPU
		{19402467-4425-4867-9E0C-3E0911D3A809}.Release|Mixed Platforms.Build.0 = Release|Any CPU
		{19402467-4425-4867-9E0C-3E0911D3A809}.Release|x86.ActiveCfg = Release|Any CPU
		{EE369D7E-8A62-4100-A324-4AEEAE130440}.Debug|Any CPU.ActiveCfg = Debug|Any CPU
		{EE369D7E-8A62-4100-A324-4AEEAE130440}.Debug|Any CPU.Build.0 = Debug|Any CPU
		{EE369D7E-8A62-4100-A324-4AEEAE130440}.Debug|Mixed Platforms.ActiveCfg = Debug|Any CPU
		{EE369D7E-8A62-4100-A324-4AEEAE130440}.Debug|Mixed Platforms.Build.0 = Debug|Any CPU
		{EE369D7E-8A62-4100-A324-4AEEAE130440}.Debug|x86.ActiveCfg = Debug|Any CPU
		{EE369D7E-8A62-4100-A324-4AEEAE130440}.Release|Any CPU.ActiveCfg = Release|Any CPU
		{EE369D7E-8A62-4100-A324-4AEEAE130440}.Release|Any CPU.Build.0 = Release|Any CPU
		{EE369D7E-8A62-4100-A324-4AEEAE130440}.Release|Mixed Platforms.ActiveCfg = Release|Any CPU
		{EE369D7E-8A62-4100-A324-4AEEAE130440}.Release|Mixed Platforms.Build.0 = Release|Any CPU
		{EE369D7E-8A62-4100-A324-4AEEAE130440}.Release|x86.ActiveCfg = Release|Any CPU
	EndGlobalSection
	GlobalSection(SolutionProperties) = preSolution
		HideSolutionNode = FALSE
	EndGlobalSection
	GlobalSection(NestedProjects) = preSolution
		{D5C567E3-253E-411A-A520-8C82CEAC96D2} = {AC5042A7-631A-4E93-851B-CBC56815246D}
		{05283732-9D54-4063-B242-DD5E8E0A3DE7} = {E744DAEA-3E4A-4460-8399-78F4D61215C7}
		{19402467-4425-4867-9E0C-3E0911D3A809} = {E744DAEA-3E4A-4460-8399-78F4D61215C7}
		{EE369D7E-8A62-4100-A324-4AEEAE130440} = {E744DAEA-3E4A-4460-8399-78F4D61215C7}
		{1C52E23B-B597-48E4-AACA-61B2FE350873} = {E744DAEA-3E4A-4460-8399-78F4D61215C7}
		{126E1C76-8FE3-4B38-9DE9-969C7E79A61C} = {E744DAEA-3E4A-4460-8399-78F4D61215C7}
	EndGlobalSection
EndGlobal
